// !$*UTF8*$!
{
	archiveVersion = 1;
	classes = {
	};
	objectVersion = 48;
	objects = {

/* Begin PBXBuildFile section */
		370899CA1F871CC000DAD791 /* Swifty_JSON.swift in Sources */ = {isa = PBXBuildFile; fileRef = 370899C91F871CC000DAD791 /* Swifty_JSON.swift */; };
		37443AAE1F85E91100E98E8D /* AppDelegate.swift in Sources */ = {isa = PBXBuildFile; fileRef = 37443AAD1F85E91100E98E8D /* AppDelegate.swift */; };
		37443AB01F85E91100E98E8D /* ViewController.swift in Sources */ = {isa = PBXBuildFile; fileRef = 37443AAF1F85E91100E98E8D /* ViewController.swift */; };
		37443AB31F85E91100E98E8D /* Main.storyboard in Resources */ = {isa = PBXBuildFile; fileRef = 37443AB11F85E91100E98E8D /* Main.storyboard */; };
		37443AB51F85E91100E98E8D /* Assets.xcassets in Resources */ = {isa = PBXBuildFile; fileRef = 37443AB41F85E91100E98E8D /* Assets.xcassets */; };
		37443AB81F85E91100E98E8D /* LaunchScreen.storyboard in Resources */ = {isa = PBXBuildFile; fileRef = 37443AB61F85E91100E98E8D /* LaunchScreen.storyboard */; };
/* End PBXBuildFile section */

/* Begin PBXFileReference section */
		370899C91F871CC000DAD791 /* Swifty_JSON.swift */ = {isa = PBXFileReference; lastKnownFileType = sourcecode.swift; path = Swifty_JSON.swift; sourceTree = "<group>"; };
		37443AAA1F85E91100E98E8D /* Whitehouse Petitions.app */ = {isa = PBXFileReference; explicitFileType = wrapper.application; includeInIndex = 0; path = "Whitehouse Petitions.app"; sourceTree = BUILT_PRODUCTS_DIR; };
		37443AAD1F85E91100E98E8D /* AppDelegate.swift */ = {isa = PBXFileReference; lastKnownFileType = sourcecode.swift; path = AppDelegate.swift; sourceTree = "<group>"; };
		37443AAF1F85E91100E98E8D /* ViewController.swift */ = {isa = PBXFileReference; lastKnownFileType = sourcecode.swift; path = ViewController.swift; sourceTree = "<group>"; };
		37443AB21F85E91100E98E8D /* Base */ = {isa = PBXFileReference; lastKnownFileType = file.storyboard; name = Base; path = Base.lproj/Main.storyboard; sourceTree = "<group>"; };
		37443AB41F85E91100E98E8D /* Assets.xcassets */ = {isa = PBXFileReference; lastKnownFileType = folder.assetcatalog; path = Assets.xcassets; sourceTree = "<group>"; };
		37443AB71F85E91100E98E8D /* Base */ = {isa = PBXFileReference; lastKnownFileType = file.storyboard; name = Base; path = Base.lproj/LaunchScreen.storyboard; sourceTree = "<group>"; };
		37443AB91F85E91100E98E8D /* Info.plist */ = {isa = PBXFileReference; lastKnownFileType = text.plist.xml; path = Info.plist; sourceTree = "<group>"; };
/* End PBXFileReference section */

/* Begin PBXFrameworksBuildPhase section */
		37443AA71F85E91100E98E8D /* Frameworks */ = {
			isa = PBXFrameworksBuildPhase;
			buildActionMask = 2147483647;
			files = (
			);
			runOnlyForDeploymentPostprocessing = 0;
		};
/* End PBXFrameworksBuildPhase section */

/* Begin PBXGroup section */
		37443AA11F85E91100E98E8D = {
			isa = PBXGroup;
			children = (
				37443AAC1F85E91100E98E8D /* Whitehouse Petitions */,
				37443AAB1F85E91100E98E8D /* Products */,
			);
			sourceTree = "<group>";
		};
		37443AAB1F85E91100E98E8D /* Products */ = {
			isa = PBXGroup;
			children = (
				37443AAA1F85E91100E98E8D /* Whitehouse Petitions.app */,
			);
			name = Products;
			sourceTree = "<group>";
		};
		37443AAC1F85E91100E98E8D /* Whitehouse Petitions */ = {
			isa = PBXGroup;
			children = (
				37443AAD1F85E91100E98E8D /* AppDelegate.swift */,
				37443AAF1F85E91100E98E8D /* ViewController.swift */,
				37443AB11F85E91100E98E8D /* Main.storyboard */,
				37443AB41F85E91100E98E8D /* Assets.xcassets */,
				37443AB61F85E91100E98E8D /* LaunchScreen.storyboard */,
				37443AB91F85E91100E98E8D /* Info.plist */,
				370899C91F871CC000DAD791 /* Swifty_JSON.swift */,
			);
			path = "Whitehouse Petitions";
			sourceTree = "<group>";
		};
/* End PBXGroup section */

/* Begin PBXNativeTarget section */
		37443AA91F85E91100E98E8D /* Whitehouse Petitions */ = {
			isa = PBXNativeTarget;
			buildConfigurationList = 37443ABC1F85E91100E98E8D /* Build configuration list for PBXNativeTarget "Whitehouse Petitions" */;
			buildPhases = (
				37443AA61F85E91100E98E8D /* Sources */,
				37443AA71F85E91100E98E8D /* Frameworks */,
				37443AA81F85E91100E98E8D /* Resources */,
			);
			buildRules = (
			);
			dependencies = (
			);
			name = "Whitehouse Petitions";
			productName = "Whitehouse Petitions";
			productReference = 37443AAA1F85E91100E98E8D /* Whitehouse Petitions.app */;
			productType = "com.apple.product-type.application";
		};
/* End PBXNativeTarget section */

/* Begin PBXProject section */
		37443AA21F85E91100E98E8D /* Project object */ = {
			isa = PBXProject;
			attributes = {
				LastSwiftUpdateCheck = 0900;
				LastUpgradeCheck = 0900;
				ORGANIZATIONNAME = "Alex Blanchard";
				TargetAttributes = {
					37443AA91F85E91100E98E8D = {
						CreatedOnToolsVersion = 9.0;
						ProvisioningStyle = Automatic;
					};
				};
			};
			buildConfigurationList = 37443AA51F85E91100E98E8D /* Build configuration list for PBXProject "Whitehouse Petitions" */;
			compatibilityVersion = "Xcode 8.0";
			developmentRegion = en;
			hasScannedForEncodings = 0;
			knownRegions = (
				en,
				Base,
			);
			mainGroup = 37443AA11F85E91100E98E8D;
			productRefGroup = 37443AAB1F85E91100E98E8D /* Products */;
			projectDirPath = "";
			projectRoot = "";
			targets = (
				37443AA91F85E91100E98E8D /* Whitehouse Petitions */,
			);
		};
/* End PBXProject section */

/* Begin PBXResourcesBuildPhase section */
		37443AA81F85E91100E98E8D /* Resources */ = {
			isa = PBXResourcesBuildPhase;
			buildActionMask = 2147483647;
			files = (
				37443AB81F85E91100E98E8D /* LaunchScreen.storyboard in Resources */,
				37443AB51F85E91100E98E8D /* Assets.xcassets in Resources */,
				37443AB31F85E91100E98E8D /* Main.storyboard in Resources */,
			);
			runOnlyForDeploymentPostprocessing = 0;
		};
/* End PBXResourcesBuildPhase section */

/* Begin PBXSourcesBuildPhase section */
		37443AA61F85E91100E98E8D /* Sources */ = {
			isa = PBXSourcesBuildPhase;
			buildActionMask = 2147483647;
			files = (
				37443AB01F85E91100E98E8D /* ViewController.swift in Sources */,
				370899CA1F871CC000DAD791 /* Swifty_JSON.swift in Sources */,
				37443AAE1F85E91100E98E8D /* AppDelegate.swift in Sources */,
			);
			runOnlyForDeploymentPostprocessing = 0;
		};
/* End PBXSourcesBuildPhase section */

/* Begin PBXVariantGroup section */
		37443AB11F85E91100E98E8D /* Main.storyboard */ = {
			isa = PBXVariantGroup;
			children = (
				37443AB21F85E91100E98E8D /* Base */,
			);
			name = Main.storyboard;
			sourceTree = "<group>";
		};
		37443AB61F85E91100E98E8D /* LaunchScreen.storyboard */ = {
			isa = PBXVariantGroup;
			children = (
				37443AB71F85E91100E98E8D /* Base */,
			);
			name = LaunchScreen.storyboard;
			sourceTree = "<group>";
		};
/* End PBXVariantGroup section */

/* Begin XCBuildConfiguration section */
		37443ABA1F85E91100E98E8D /* Debug */ = {
			isa = XCBuildConfiguration;
			buildSettings = {
				ALWAYS_SEARCH_USER_PATHS = NO;
				CLANG_ANALYZER_NONNULL = YES;
				CLANG_ANALYZER_NUMBER_OBJECT_CONVERSION = YES_AGGRESSIVE;
				CLANG_CXX_LANGUAGE_STANDARD = "gnu++14";
				CLANG_CXX_LIBRARY = "libc++";
				CLANG_ENABLE_MODULES = YES;
				CLANG_ENABLE_OBJC_ARC = YES;
				CLANG_WARN_BLOCK_CAPTURE_AUTORELEASING = YES;
				CLANG_WARN_BOOL_CONVERSION = YES;
				CLANG_WARN_COMMA = YES;
				CLANG_WARN_CONSTANT_CONVERSION = YES;
				CLANG_WARN_DIRECT_OBJC_ISA_USAGE = YES_ERROR;
				CLANG_WARN_DOCUMENTATION_COMMENTS = YES;
				CLANG_WARN_EMPTY_BODY = YES;
				CLANG_WARN_ENUM_CONVERSION = YES;
				CLANG_WARN_INFINITE_RECURSION = YES;
				CLANG_WARN_INT_CONVERSION = YES;
				CLANG_WARN_NON_LITERAL_NULL_CONVERSION = YES;
				CLANG_WARN_OBJC_LITERAL_CONVERSION = YES;
				CLANG_WARN_OBJC_ROOT_CLASS = YES_ERROR;
				CLANG_WARN_RANGE_LOOP_ANALYSIS = YES;
				CLANG_WARN_STRICT_PROTOTYPES = YES;
				CLANG_WARN_SUSPICIOUS_MOVE = YES;
				CLANG_WARN_UNGUARDED_AVAILABILITY = YES_AGGRESSIVE;
				CLANG_WARN_UNREACHABLE_CODE = YES;
				CLANG_WARN__DUPLICATE_METHOD_MATCH = YES;
				CODE_SIGN_IDENTITY = "iPhone Developer";
				COPY_PHASE_STRIP = NO;
				DEBUG_INFORMATION_FORMAT = dwarf;
				ENABLE_STRICT_OBJC_MSGSEND = YES;
				ENABLE_TESTABILITY = YES;
				GCC_C_LANGUAGE_STANDARD = gnu11;
				GCC_DYNAMIC_NO_PIC = NO;
				GCC_NO_COMMON_BLOCKS = YES;
				GCC_OPTIMIZATION_LEVEL = 0;
				GCC_PREPROCESSOR_DEFINITIONS = (
					"DEBUG=1",
					"$(inherited)",
				);
				GCC_WARN_64_TO_32_BIT_CONVERSION = YES;
				GCC_WARN_ABOUT_RETURN_TYPE = YES_ERROR;
				GCC_WARN_UNDECLARED_SELECTOR = YES;
				GCC_WARN_UNINITIALIZED_AUTOS = YES_AGGRESSIVE;
				GCC_WARN_UNUSED_FUNCTION = YES;
				GCC_WARN_UNUSED_VARIABLE = YES;
				IPHONEOS_DEPLOYMENT_TARGET = 11.0;
				MTL_ENABLE_DEBUG_INFO = YES;
				ONLY_ACTIVE_ARCH = YES;
				SDKROOT = iphoneos;
				SWIFT_ACTIVE_COMPILATION_CONDITIONS = DEBUG;
				SWIFT_OPTIMIZATION_LEVEL = "-Onone";
			};
			name = Debug;
		};
		37443ABB1F85E91100E98E8D /* Release */ = {
			isa = XCBuildConfiguration;
			buildSettings = {
				ALWAYS_SEARCH_USER_PATHS = NO;
				CLANG_ANALYZER_NONNULL = YES;
				CLANG_ANALYZER_NUMBER_OBJECT_CONVERSION = YES_AGGRESSIVE;
				CLANG_CXX_LANGUAGE_STANDARD = "gnu++14";
				CLANG_CXX_LIBRARY = "libc++";
				CLANG_ENABLE_MODULES = YES;
				CLANG_ENABLE_OBJC_ARC = YES;
				CLANG_WARN_BLOCK_CAPTURE_AUTORELEASING = YES;
				CLANG_WARN_BOOL_CONVERSION = YES;
				CLANG_WARN_COMMA = YES;
				CLANG_WARN_CONSTANT_CONVERSION = YES;
				CLANG_WARN_DIRECT_OBJC_ISA_USAGE = YES_ERROR;
				CLANG_WARN_DOCUMENTATION_COMMENTS = YES;
				CLANG_WARN_EMPTY_BODY = YES;
				CLANG_WARN_ENUM_CONVERSION = YES;
				CLANG_WARN_INFINITE_RECURSION = YES;
				CLANG_WARN_INT_CONVERSION = YES;
				CLANG_WARN_NON_LITERAL_NULL_CONVERSION = YES;
				CLANG_WARN_OBJC_LITERAL_CONVERSION = YES;
				CLANG_WARN_OBJC_ROOT_CLASS = YES_ERROR;
				CLANG_WARN_RANGE_LOOP_ANALYSIS = YES;
				CLANG_WARN_STRICT_PROTOTYPES = YES;
				CLANG_WARN_SUSPICIOUS_MOVE = YES;
				CLANG_WARN_UNGUARDED_AVAILABILITY = YES_AGGRESSIVE;
				CLANG_WARN_UNREACHABLE_CODE = YES;
				CLANG_WARN__DUPLICATE_METHOD_MATCH = YES;
				CODE_SIGN_IDENTITY = "iPhone Developer";
				COPY_PHASE_STRIP = NO;
				DEBUG_INFORMATION_FORMAT = "dwarf-with-dsym";
				ENABLE_NS_ASSERTIONS = NO;
				ENABLE_STRICT_OBJC_MSGSEND = YES;
				GCC_C_LANGUAGE_STANDARD = gnu11;
				GCC_NO_COMMON_BLOCKS = YES;
				GCC_WARN_64_TO_32_BIT_CONVERSION = YES;
				GCC_WARN_ABOUT_RETURN_TYPE = YES_ERROR;
				GCC_WARN_UNDECLARED_SELECTOR = YES;
				GCC_WARN_UNINITIALIZED_AUTOS = YES_AGGRESSIVE;
				GCC_WARN_UNUSED_FUNCTION = YES;
				GCC_WARN_UNUSED_VARIABLE = YES;
				IPHONEOS_DEPLOYMENT_TARGET = 11.0;
				MTL_ENABLE_DEBUG_INFO = NO;
				SDKROOT = iphoneos;
				SWIFT_OPTIMIZATION_LEVEL = "-Owholemodule";
				VALIDATE_PRODUCT = YES;
			};
			name = Release;
		};
		37443ABD1F85E91100E98E8D /* Debug */ = {
			isa = XCBuildConfiguration;
			buildSettings = {
				ASSETCATALOG_COMPILER_APPICON_NAME = AppIcon;
				CODE_SIGN_STYLE = Automatic;
				DEVELOPMENT_TEAM = 76SXX9BLLZ;
				INFOPLIST_FILE = "Whitehouse Petitions/Info.plist";
				LD_RUNPATH_SEARCH_PATHS = "$(inherited) @executable_path/Frameworks";
				PRODUCT_BUNDLE_IDENTIFIER = "Dr3amStr3am.Whitehouse-Petitions";
				PRODUCT_NAME = "$(TARGET_NAME)";
				SWIFT_VERSION = 4.0;
				TARGETED_DEVICE_FAMILY = "1,2";
			};
			name = Debug;
		};
		37443ABE1F85E91100E98E8D /* Release */ = {
			isa = XCBuildConfiguration;
			buildSettings = {
				ASSETCATALOG_COMPILER_APPICON_NAME = AppIcon;
				CODE_SIGN_STYLE = Automatic;
				DEVELOPMENT_TEAM = 76SXX9BLLZ;
				INFOPLIST_FILE = "Whitehouse Petitions/Info.plist";
				LD_RUNPATH_SEARCH_PATHS = "$(inherited) @executable_path/Frameworks";
				PRODUCT_BUNDLE_IDENTIFIER = "Dr3amStr3am.Whitehouse-Petitions";
				PRODUCT_NAME = "$(TARGET_NAME)";
				SWIFT_VERSION = 4.0;
				TARGETED_DEVICE_FAMILY = "1,2";
			};
			name = Release;
		};
/* End XCBuildConfiguration section */

/* Begin XCConfigurationList section */
		37443AA51F85E91100E98E8D /* Build configuration list for PBXProject "Whitehouse Petitions" */ = {
			isa = XCConfigurationList;
			buildConfigurations = (
				37443ABA1F85E91100E98E8D /* Debug */,
				37443ABB1F85E91100E98E8D /* Release */,
			);
			defaultConfigurationIsVisible = 0;
			defaultConfigurationName = Release;
		};
		37443ABC1F85E91100E98E8D /* Build configuration list for PBXNativeTarget "Whitehouse Petitions" */ = {
			isa = XCConfigurationList;
			buildConfigurations = (
				37443ABD1F85E91100E98E8D /* Debug */,
				37443ABE1F85E91100E98E8D /* Release */,
			);
			defaultConfigurationIsVisible = 0;
			defaultConfigurationName = Release;
		};
/* End XCConfigurationList section */
	};
	rootObject = 37443AA21F85E91100E98E8D /* Project object */;
}
