// !$*UTF8*$!
{
	archiveVersion = 1;
	classes = {
	};
	objectVersion = 48;
	objects = {

/* Begin PBXBuildFile section */
		37147BD61F760A53006ACE90 /* AppDelegate.swift in Sources */ = {isa = PBXBuildFile; fileRef = 37147BD51F760A53006ACE90 /* AppDelegate.swift */; };
		37147BD81F760A53006ACE90 /* ViewController.swift in Sources */ = {isa = PBXBuildFile; fileRef = 37147BD71F760A53006ACE90 /* ViewController.swift */; };
		37147BDB1F760A53006ACE90 /* Main.storyboard in Resources */ = {isa = PBXBuildFile; fileRef = 37147BD91F760A53006ACE90 /* Main.storyboard */; };
		37147BE01F760A53006ACE90 /* LaunchScreen.storyboard in Resources */ = {isa = PBXBuildFile; fileRef = 37147BDE1F760A53006ACE90 /* LaunchScreen.storyboard */; };
		37F05EFD1F84201F009862CB /* Assets.xcassets in Resources */ = {isa = PBXBuildFile; fileRef = 37F05EFC1F841F7F009862CB /* Assets.xcassets */; };
/* End PBXBuildFile section */

/* Begin PBXFileReference section */
		37147BD21F760A53006ACE90 /* Guess_Who's_Flag?.app */ = {isa = PBXFileReference; explicitFileType = wrapper.application; includeInIndex = 0; path = "Guess_Who's_Flag?.app"; sourceTree = BUILT_PRODUCTS_DIR; };
		37147BD51F760A53006ACE90 /* AppDelegate.swift */ = {isa = PBXFileReference; lastKnownFileType = sourcecode.swift; path = AppDelegate.swift; sourceTree = "<group>"; };
		37147BD71F760A53006ACE90 /* ViewController.swift */ = {isa = PBXFileReference; lastKnownFileType = sourcecode.swift; path = ViewController.swift; sourceTree = "<group>"; };
		37147BDA1F760A53006ACE90 /* Base */ = {isa = PBXFileReference; lastKnownFileType = file.storyboard; name = Base; path = Base.lproj/Main.storyboard; sourceTree = "<group>"; };
		37147BDF1F760A53006ACE90 /* Base */ = {isa = PBXFileReference; lastKnownFileType = file.storyboard; name = Base; path = Base.lproj/LaunchScreen.storyboard; sourceTree = "<group>"; };
		37147BE11F760A53006ACE90 /* Info.plist */ = {isa = PBXFileReference; lastKnownFileType = text.plist.xml; path = Info.plist; sourceTree = "<group>"; };
		37F05EFC1F841F7F009862CB /* Assets.xcassets */ = {isa = PBXFileReference; lastKnownFileType = folder.assetcatalog; name = Assets.xcassets; path = "../../../../Documents/Xcode/Apps(unpolished)/Tutorial_Apps/HWSAssets/HackingWithSwift-master/project2/Project2/Assets.xcassets"; sourceTree = "<group>"; };
/* End PBXFileReference section */

/* Begin PBXFrameworksBuildPhase section */
		37147BCF1F760A52006ACE90 /* Frameworks */ = {
			isa = PBXFrameworksBuildPhase;
			buildActionMask = 2147483647;
			files = (
			);
			runOnlyForDeploymentPostprocessing = 0;
		};
/* End PBXFrameworksBuildPhase section */

/* Begin PBXGroup section */
		37147BC91F760A52006ACE90 = {
			isa = PBXGroup;
			children = (
				37147BD41F760A53006ACE90 /* Guess_Who's_Flag? */,
				37147BD31F760A53006ACE90 /* Products */,
			);
			sourceTree = "<group>";
		};
		37147BD31F760A53006ACE90 /* Products */ = {
			isa = PBXGroup;
			children = (
				37147BD21F760A53006ACE90 /* Guess_Who's_Flag?.app */,
			);
			name = Products;
			sourceTree = "<group>";
		};
		37147BD41F760A53006ACE90 /* Guess_Who's_Flag? */ = {
			isa = PBXGroup;
			children = (
				37147BD51F760A53006ACE90 /* AppDelegate.swift */,
				37147BD71F760A53006ACE90 /* ViewController.swift */,
				37147BD91F760A53006ACE90 /* Main.storyboard */,
				37F05EFC1F841F7F009862CB /* Assets.xcassets */,
				37147BDE1F760A53006ACE90 /* LaunchScreen.storyboard */,
				37147BE11F760A53006ACE90 /* Info.plist */,
			);
			path = "Guess_Who's_Flag?";
			sourceTree = "<group>";
		};
/* End PBXGroup section */

/* Begin PBXNativeTarget section */
		37147BD11F760A52006ACE90 /* Guess_Who's_Flag? */ = {
			isa = PBXNativeTarget;
			buildConfigurationList = 37147BE41F760A53006ACE90 /* Build configuration list for PBXNativeTarget "Guess_Who's_Flag?" */;
			buildPhases = (
				37147BCE1F760A52006ACE90 /* Sources */,
				37147BCF1F760A52006ACE90 /* Frameworks */,
				37147BD01F760A52006ACE90 /* Resources */,
			);
			buildRules = (
			);
			dependencies = (
			);
			name = "Guess_Who's_Flag?";
			productName = "Guess_Who's_Flag?";
			productReference = 37147BD21F760A53006ACE90 /* Guess_Who's_Flag?.app */;
			productType = "com.apple.product-type.application";
		};
/* End PBXNativeTarget section */

/* Begin PBXProject section */
		37147BCA1F760A52006ACE90 /* Project object */ = {
			isa = PBXProject;
			attributes = {
				LastSwiftUpdateCheck = 0900;
				LastUpgradeCheck = 0900;
				ORGANIZATIONNAME = "Alex Blanchard";
				TargetAttributes = {
					37147BD11F760A52006ACE90 = {
						CreatedOnToolsVersion = 9.0;
					};
				};
			};
			buildConfigurationList = 37147BCD1F760A52006ACE90 /* Build configuration list for PBXProject "Guess_Who's_Flag?" */;
			compatibilityVersion = "Xcode 8.0";
			developmentRegion = en;
			hasScannedForEncodings = 0;
			knownRegions = (
				en,
				Base,
			);
			mainGroup = 37147BC91F760A52006ACE90;
			productRefGroup = 37147BD31F760A53006ACE90 /* Products */;
			projectDirPath = "";
			projectRoot = "";
			targets = (
				37147BD11F760A52006ACE90 /* Guess_Who's_Flag? */,
			);
		};
/* End PBXProject section */

/* Begin PBXResourcesBuildPhase section */
		37147BD01F760A52006ACE90 /* Resources */ = {
			isa = PBXResourcesBuildPhase;
			buildActionMask = 2147483647;
			files = (
				37F05EFD1F84201F009862CB /* Assets.xcassets in Resources */,
				37147BE01F760A53006ACE90 /* LaunchScreen.storyboard in Resources */,
				37147BDB1F760A53006ACE90 /* Main.storyboard in Resources */,
			);
			runOnlyForDeploymentPostprocessing = 0;
		};
/* End PBXResourcesBuildPhase section */

/* Begin PBXSourcesBuildPhase section */
		37147BCE1F760A52006ACE90 /* Sources */ = {
			isa = PBXSourcesBuildPhase;
			buildActionMask = 2147483647;
			files = (
				37147BD81F760A53006ACE90 /* ViewController.swift in Sources */,
				37147BD61F760A53006ACE90 /* AppDelegate.swift in Sources */,
			);
			runOnlyForDeploymentPostprocessing = 0;
		};
/* End PBXSourcesBuildPhase section */

/* Begin PBXVariantGroup section */
		37147BD91F760A53006ACE90 /* Main.storyboard */ = {
			isa = PBXVariantGroup;
			children = (
				37147BDA1F760A53006ACE90 /* Base */,
			);
			name = Main.storyboard;
			sourceTree = "<group>";
		};
		37147BDE1F760A53006ACE90 /* LaunchScreen.storyboard */ = {
			isa = PBXVariantGroup;
			children = (
				37147BDF1F760A53006ACE90 /* Base */,
			);
			name = LaunchScreen.storyboard;
			sourceTree = "<group>";
		};
/* End PBXVariantGroup section */

/* Begin XCBuildConfiguration section */
		37147BE21F760A53006ACE90 /* Debug */ = {
			isa = XCBuildConfiguration;
			buildSettings = {
				ALWAYS_SEARCH_USER_PATHS = NO;
				CLANG_ANALYZER_NONNULL = YES;
				CLANG_ANALYZER_NUMBER_OBJECT_CONVERSION = YES_AGGRESSIVE;
				CLANG_CXX_LANGUAGE_STANDARD = "gnu++14";
				CLANG_CXX_LIBRARY = "libc++";
				CLANG_ENABLE_MODULES = YES;
				CLANG_ENABLE_OBJC_ARC = YES;
				CLANG_WARN_BLOCK_CAPTURE_AUTORELEASING = YES;
				CLANG_WARN_BOOL_CONVERSION = YES;
				CLANG_WARN_COMMA = YES;
				CLANG_WARN_CONSTANT_CONVERSION = YES;
				CLANG_WARN_DIRECT_OBJC_ISA_USAGE = YES_ERROR;
				CLANG_WARN_DOCUMENTATION_COMMENTS = YES;
				CLANG_WARN_EMPTY_BODY = YES;
				CLANG_WARN_ENUM_CONVERSION = YES;
				CLANG_WARN_INFINITE_RECURSION = YES;
				CLANG_WARN_INT_CONVERSION = YES;
				CLANG_WARN_NON_LITERAL_NULL_CONVERSION = YES;
				CLANG_WARN_OBJC_LITERAL_CONVERSION = YES;
				CLANG_WARN_OBJC_ROOT_CLASS = YES_ERROR;
				CLANG_WARN_RANGE_LOOP_ANALYSIS = YES;
				CLANG_WARN_STRICT_PROTOTYPES = YES;
				CLANG_WARN_SUSPICIOUS_MOVE = YES;
				CLANG_WARN_UNGUARDED_AVAILABILITY = YES_AGGRESSIVE;
				CLANG_WARN_UNREACHABLE_CODE = YES;
				CLANG_WARN__DUPLICATE_METHOD_MATCH = YES;
				CODE_SIGN_IDENTITY = "iPhone Developer";
				COPY_PHASE_STRIP = NO;
				DEBUG_INFORMATION_FORMAT = dwarf;
				ENABLE_STRICT_OBJC_MSGSEND = YES;
				ENABLE_TESTABILITY = YES;
				GCC_C_LANGUAGE_STANDARD = gnu11;
				GCC_DYNAMIC_NO_PIC = NO;
				GCC_NO_COMMON_BLOCKS = YES;
				GCC_OPTIMIZATION_LEVEL = 0;
				GCC_PREPROCESSOR_DEFINITIONS = (
					"DEBUG=1",
					"$(inherited)",
				);
				GCC_WARN_64_TO_32_BIT_CONVERSION = YES;
				GCC_WARN_ABOUT_RETURN_TYPE = YES_ERROR;
				GCC_WARN_UNDECLARED_SELECTOR = YES;
				GCC_WARN_UNINITIALIZED_AUTOS = YES_AGGRESSIVE;
				GCC_WARN_UNUSED_FUNCTION = YES;
				GCC_WARN_UNUSED_VARIABLE = YES;
				IPHONEOS_DEPLOYMENT_TARGET = 11.0;
				MTL_ENABLE_DEBUG_INFO = YES;
				ONLY_ACTIVE_ARCH = YES;
				SDKROOT = iphoneos;
				SWIFT_ACTIVE_COMPILATION_CONDITIONS = DEBUG;
				SWIFT_OPTIMIZATION_LEVEL = "-Onone";
			};
			name = Debug;
		};
		37147BE31F760A53006ACE90 /* Release */ = {
			isa = XCBuildConfiguration;
			buildSettings = {
				ALWAYS_SEARCH_USER_PATHS = NO;
				CLANG_ANALYZER_NONNULL = YES;
				CLANG_ANALYZER_NUMBER_OBJECT_CONVERSION = YES_AGGRESSIVE;
				CLANG_CXX_LANGUAGE_STANDARD = "gnu++14";
				CLANG_CXX_LIBRARY = "libc++";
				CLANG_ENABLE_MODULES = YES;
				CLANG_ENABLE_OBJC_ARC = YES;
				CLANG_WARN_BLOCK_CAPTURE_AUTORELEASING = YES;
				CLANG_WARN_BOOL_CONVERSION = YES;
				CLANG_WARN_COMMA = YES;
				CLANG_WARN_CONSTANT_CONVERSION = YES;
				CLANG_WARN_DIRECT_OBJC_ISA_USAGE = YES_ERROR;
				CLANG_WARN_DOCUMENTATION_COMMENTS = YES;
				CLANG_WARN_EMPTY_BODY = YES;
				CLANG_WARN_ENUM_CONVERSION = YES;
				CLANG_WARN_INFINITE_RECURSION = YES;
				CLANG_WARN_INT_CONVERSION = YES;
				CLANG_WARN_NON_LITERAL_NULL_CONVERSION = YES;
				CLANG_WARN_OBJC_LITERAL_CONVERSION = YES;
				CLANG_WARN_OBJC_ROOT_CLASS = YES_ERROR;
				CLANG_WARN_RANGE_LOOP_ANALYSIS = YES;
				CLANG_WARN_STRICT_PROTOTYPES = YES;
				CLANG_WARN_SUSPICIOUS_MOVE = YES;
				CLANG_WARN_UNGUARDED_AVAILABILITY = YES_AGGRESSIVE;
				CLANG_WARN_UNREACHABLE_CODE = YES;
				CLANG_WARN__DUPLICATE_METHOD_MATCH = YES;
				CODE_SIGN_IDENTITY = "iPhone Developer";
				COPY_PHASE_STRIP = NO;
				DEBUG_INFORMATION_FORMAT = "dwarf-with-dsym";
				ENABLE_NS_ASSERTIONS = NO;
				ENABLE_STRICT_OBJC_MSGSEND = YES;
				GCC_C_LANGUAGE_STANDARD = gnu11;
				GCC_NO_COMMON_BLOCKS = YES;
				GCC_WARN_64_TO_32_BIT_CONVERSION = YES;
				GCC_WARN_ABOUT_RETURN_TYPE = YES_ERROR;
				GCC_WARN_UNDECLARED_SELECTOR = YES;
				GCC_WARN_UNINITIALIZED_AUTOS = YES_AGGRESSIVE;
				GCC_WARN_UNUSED_FUNCTION = YES;
				GCC_WARN_UNUSED_VARIABLE = YES;
				IPHONEOS_DEPLOYMENT_TARGET = 11.0;
				MTL_ENABLE_DEBUG_INFO = NO;
				SDKROOT = iphoneos;
				SWIFT_OPTIMIZATION_LEVEL = "-Owholemodule";
				VALIDATE_PRODUCT = YES;
			};
			name = Release;
		};
		37147BE51F760A53006ACE90 /* Debug */ = {
			isa = XCBuildConfiguration;
			buildSettings = {
				ASSETCATALOG_COMPILER_APPICON_NAME = AppIcon;
				COMPRESS_PNG_FILES = YES;
				DEVELOPMENT_TEAM = 76SXX9BLLZ;
				INFOPLIST_FILE = "Guess_Who's_Flag?/Info.plist";
				LD_RUNPATH_SEARCH_PATHS = "$(inherited) @executable_path/Frameworks";
				PRODUCT_BUNDLE_IDENTIFIER = "Dr3amStr3am.Guess-Who-s-Flag-";
				PRODUCT_NAME = "$(TARGET_NAME)";
				SWIFT_VERSION = 4.0;
				TARGETED_DEVICE_FAMILY = "1,2";
			};
			name = Debug;
		};
		37147BE61F760A53006ACE90 /* Release */ = {
			isa = XCBuildConfiguration;
			buildSettings = {
				ASSETCATALOG_COMPILER_APPICON_NAME = AppIcon;
				COMPRESS_PNG_FILES = YES;
				DEVELOPMENT_TEAM = 76SXX9BLLZ;
				INFOPLIST_FILE = "Guess_Who's_Flag?/Info.plist";
				LD_RUNPATH_SEARCH_PATHS = "$(inherited) @executable_path/Frameworks";
				PRODUCT_BUNDLE_IDENTIFIER = "Dr3amStr3am.Guess-Who-s-Flag-";
				PRODUCT_NAME = "$(TARGET_NAME)";
				SWIFT_VERSION = 4.0;
				TARGETED_DEVICE_FAMILY = "1,2";
			};
			name = Release;
		};
/* End XCBuildConfiguration section */

/* Begin XCConfigurationList section */
		37147BCD1F760A52006ACE90 /* Build configuration list for PBXProject "Guess_Who's_Flag?" */ = {
			isa = XCConfigurationList;
			buildConfigurations = (
				37147BE21F760A53006ACE90 /* Debug */,
				37147BE31F760A53006ACE90 /* Release */,
			);
			defaultConfigurationIsVisible = 0;
			defaultConfigurationName = Release;
		};
		37147BE41F760A53006ACE90 /* Build configuration list for PBXNativeTarget "Guess_Who's_Flag?" */ = {
			isa = XCConfigurationList;
			buildConfigurations = (
				37147BE51F760A53006ACE90 /* Debug */,
				37147BE61F760A53006ACE90 /* Release */,
			);
			defaultConfigurationIsVisible = 0;
			defaultConfigurationName = Release;
		};
/* End XCConfigurationList section */
	};
	rootObject = 37147BCA1F760A52006ACE90 /* Project object */;
}
