// !$*UTF8*$!
{
	archiveVersion = 1;
	classes = {
	};
	objectVersion = 48;
	objects = {

/* Begin PBXBuildFile section */
		375273001F9AD955009A99C3 /* AppDelegate.swift in Sources */ = {isa = PBXBuildFile; fileRef = 375272FF1F9AD955009A99C3 /* AppDelegate.swift */; };
		375273021F9AD955009A99C3 /* GameScene.sks in Resources */ = {isa = PBXBuildFile; fileRef = 375273011F9AD955009A99C3 /* GameScene.sks */; };
		375273061F9AD955009A99C3 /* GameScene.swift in Sources */ = {isa = PBXBuildFile; fileRef = 375273051F9AD955009A99C3 /* GameScene.swift */; };
		375273081F9AD955009A99C3 /* GameViewController.swift in Sources */ = {isa = PBXBuildFile; fileRef = 375273071F9AD955009A99C3 /* GameViewController.swift */; };
		3752730B1F9AD955009A99C3 /* Main.storyboard in Resources */ = {isa = PBXBuildFile; fileRef = 375273091F9AD955009A99C3 /* Main.storyboard */; };
		3752730D1F9AD955009A99C3 /* Assets.xcassets in Resources */ = {isa = PBXBuildFile; fileRef = 3752730C1F9AD955009A99C3 /* Assets.xcassets */; };
		375273101F9AD955009A99C3 /* LaunchScreen.storyboard in Resources */ = {isa = PBXBuildFile; fileRef = 3752730E1F9AD955009A99C3 /* LaunchScreen.storyboard */; };
		3780AB4D1F9C595C0091C66C /* Helper.swift in Sources */ = {isa = PBXBuildFile; fileRef = 3780AB4C1F9C595C0091C66C /* Helper.swift */; };
		3780AB511F9C7C190091C66C /* FireParticles.sks in Resources */ = {isa = PBXBuildFile; fileRef = 3780AB501F9C7C180091C66C /* FireParticles.sks */; };
/* End PBXBuildFile section */

/* Begin PBXFileReference section */
		375272FC1F9AD955009A99C3 /* Pachinko.app */ = {isa = PBXFileReference; explicitFileType = wrapper.application; includeInIndex = 0; path = Pachinko.app; sourceTree = BUILT_PRODUCTS_DIR; };
		375272FF1F9AD955009A99C3 /* AppDelegate.swift */ = {isa = PBXFileReference; lastKnownFileType = sourcecode.swift; path = AppDelegate.swift; sourceTree = "<group>"; };
		375273011F9AD955009A99C3 /* GameScene.sks */ = {isa = PBXFileReference; lastKnownFileType = file.sks; path = GameScene.sks; sourceTree = "<group>"; };
		375273051F9AD955009A99C3 /* GameScene.swift */ = {isa = PBXFileReference; lastKnownFileType = sourcecode.swift; path = GameScene.swift; sourceTree = "<group>"; };
		375273071F9AD955009A99C3 /* GameViewController.swift */ = {isa = PBXFileReference; lastKnownFileType = sourcecode.swift; path = GameViewController.swift; sourceTree = "<group>"; };
		3752730A1F9AD955009A99C3 /* Base */ = {isa = PBXFileReference; lastKnownFileType = file.storyboard; name = Base; path = Base.lproj/Main.storyboard; sourceTree = "<group>"; };
		3752730C1F9AD955009A99C3 /* Assets.xcassets */ = {isa = PBXFileReference; lastKnownFileType = folder.assetcatalog; path = Assets.xcassets; sourceTree = "<group>"; };
		3752730F1F9AD955009A99C3 /* Base */ = {isa = PBXFileReference; lastKnownFileType = file.storyboard; name = Base; path = Base.lproj/LaunchScreen.storyboard; sourceTree = "<group>"; };
		375273111F9AD955009A99C3 /* Info.plist */ = {isa = PBXFileReference; lastKnownFileType = text.plist.xml; path = Info.plist; sourceTree = "<group>"; };
		3780AB4C1F9C595C0091C66C /* Helper.swift */ = {isa = PBXFileReference; lastKnownFileType = sourcecode.swift; path = Helper.swift; sourceTree = "<group>"; };
		3780AB501F9C7C180091C66C /* FireParticles.sks */ = {isa = PBXFileReference; lastKnownFileType = file.sks; path = FireParticles.sks; sourceTree = "<group>"; };
/* End PBXFileReference section */

/* Begin PBXFrameworksBuildPhase section */
		375272F91F9AD955009A99C3 /* Frameworks */ = {
			isa = PBXFrameworksBuildPhase;
			buildActionMask = 2147483647;
			files = (
			);
			runOnlyForDeploymentPostprocessing = 0;
		};
/* End PBXFrameworksBuildPhase section */

/* Begin PBXGroup section */
		375272F31F9AD955009A99C3 = {
			isa = PBXGroup;
			children = (
				375272FE1F9AD955009A99C3 /* Pachinko */,
				375272FD1F9AD955009A99C3 /* Products */,
			);
			sourceTree = "<group>";
		};
		375272FD1F9AD955009A99C3 /* Products */ = {
			isa = PBXGroup;
			children = (
				375272FC1F9AD955009A99C3 /* Pachinko.app */,
			);
			name = Products;
			sourceTree = "<group>";
		};
		375272FE1F9AD955009A99C3 /* Pachinko */ = {
			isa = PBXGroup;
			children = (
				3780AB501F9C7C180091C66C /* FireParticles.sks */,
				375272FF1F9AD955009A99C3 /* AppDelegate.swift */,
				375273011F9AD955009A99C3 /* GameScene.sks */,
				375273051F9AD955009A99C3 /* GameScene.swift */,
				375273071F9AD955009A99C3 /* GameViewController.swift */,
				3780AB4C1F9C595C0091C66C /* Helper.swift */,
				375273091F9AD955009A99C3 /* Main.storyboard */,
				3752730C1F9AD955009A99C3 /* Assets.xcassets */,
				3752730E1F9AD955009A99C3 /* LaunchScreen.storyboard */,
				375273111F9AD955009A99C3 /* Info.plist */,
			);
			path = Pachinko;
			sourceTree = "<group>";
		};
/* End PBXGroup section */

/* Begin PBXNativeTarget section */
		375272FB1F9AD955009A99C3 /* Pachinko */ = {
			isa = PBXNativeTarget;
			buildConfigurationList = 375273141F9AD955009A99C3 /* Build configuration list for PBXNativeTarget "Pachinko" */;
			buildPhases = (
				375272F81F9AD955009A99C3 /* Sources */,
				375272F91F9AD955009A99C3 /* Frameworks */,
				375272FA1F9AD955009A99C3 /* Resources */,
			);
			buildRules = (
			);
			dependencies = (
			);
			name = Pachinko;
			productName = Pachinko;
			productReference = 375272FC1F9AD955009A99C3 /* Pachinko.app */;
			productType = "com.apple.product-type.application";
		};
/* End PBXNativeTarget section */

/* Begin PBXProject section */
		375272F41F9AD955009A99C3 /* Project object */ = {
			isa = PBXProject;
			attributes = {
				LastSwiftUpdateCheck = 0900;
				LastUpgradeCheck = 0900;
				ORGANIZATIONNAME = "Alex Blanchard";
				TargetAttributes = {
					375272FB1F9AD955009A99C3 = {
						CreatedOnToolsVersion = 9.0;
						ProvisioningStyle = Automatic;
					};
				};
			};
			buildConfigurationList = 375272F71F9AD955009A99C3 /* Build configuration list for PBXProject "Pachinko" */;
			compatibilityVersion = "Xcode 8.0";
			developmentRegion = en;
			hasScannedForEncodings = 0;
			knownRegions = (
				en,
				Base,
			);
			mainGroup = 375272F31F9AD955009A99C3;
			productRefGroup = 375272FD1F9AD955009A99C3 /* Products */;
			projectDirPath = "";
			projectRoot = "";
			targets = (
				375272FB1F9AD955009A99C3 /* Pachinko */,
			);
		};
/* End PBXProject section */

/* Begin PBXResourcesBuildPhase section */
		375272FA1F9AD955009A99C3 /* Resources */ = {
			isa = PBXResourcesBuildPhase;
			buildActionMask = 2147483647;
			files = (
				3752730B1F9AD955009A99C3 /* Main.storyboard in Resources */,
				375273021F9AD955009A99C3 /* GameScene.sks in Resources */,
				3780AB511F9C7C190091C66C /* FireParticles.sks in Resources */,
				3752730D1F9AD955009A99C3 /* Assets.xcassets in Resources */,
				375273101F9AD955009A99C3 /* LaunchScreen.storyboard in Resources */,
			);
			runOnlyForDeploymentPostprocessing = 0;
		};
/* End PBXResourcesBuildPhase section */

/* Begin PBXSourcesBuildPhase section */
		375272F81F9AD955009A99C3 /* Sources */ = {
			isa = PBXSourcesBuildPhase;
			buildActionMask = 2147483647;
			files = (
				375273061F9AD955009A99C3 /* GameScene.swift in Sources */,
				375273081F9AD955009A99C3 /* GameViewController.swift in Sources */,
				375273001F9AD955009A99C3 /* AppDelegate.swift in Sources */,
				3780AB4D1F9C595C0091C66C /* Helper.swift in Sources */,
			);
			runOnlyForDeploymentPostprocessing = 0;
		};
/* End PBXSourcesBuildPhase section */

/* Begin PBXVariantGroup section */
		375273091F9AD955009A99C3 /* Main.storyboard */ = {
			isa = PBXVariantGroup;
			children = (
				3752730A1F9AD955009A99C3 /* Base */,
			);
			name = Main.storyboard;
			sourceTree = "<group>";
		};
		3752730E1F9AD955009A99C3 /* LaunchScreen.storyboard */ = {
			isa = PBXVariantGroup;
			children = (
				3752730F1F9AD955009A99C3 /* Base */,
			);
			name = LaunchScreen.storyboard;
			sourceTree = "<group>";
		};
/* End PBXVariantGroup section */

/* Begin XCBuildConfiguration section */
		375273121F9AD955009A99C3 /* Debug */ = {
			isa = XCBuildConfiguration;
			buildSettings = {
				ALWAYS_SEARCH_USER_PATHS = NO;
				CLANG_ANALYZER_NONNULL = YES;
				CLANG_ANALYZER_NUMBER_OBJECT_CONVERSION = YES_AGGRESSIVE;
				CLANG_CXX_LANGUAGE_STANDARD = "gnu++14";
				CLANG_CXX_LIBRARY = "libc++";
				CLANG_ENABLE_MODULES = YES;
				CLANG_ENABLE_OBJC_ARC = YES;
				CLANG_WARN_BLOCK_CAPTURE_AUTORELEASING = YES;
				CLANG_WARN_BOOL_CONVERSION = YES;
				CLANG_WARN_COMMA = YES;
				CLANG_WARN_CONSTANT_CONVERSION = YES;
				CLANG_WARN_DIRECT_OBJC_ISA_USAGE = YES_ERROR;
				CLANG_WARN_DOCUMENTATION_COMMENTS = YES;
				CLANG_WARN_EMPTY_BODY = YES;
				CLANG_WARN_ENUM_CONVERSION = YES;
				CLANG_WARN_INFINITE_RECURSION = YES;
				CLANG_WARN_INT_CONVERSION = YES;
				CLANG_WARN_NON_LITERAL_NULL_CONVERSION = YES;
				CLANG_WARN_OBJC_LITERAL_CONVERSION = YES;
				CLANG_WARN_OBJC_ROOT_CLASS = YES_ERROR;
				CLANG_WARN_RANGE_LOOP_ANALYSIS = YES;
				CLANG_WARN_STRICT_PROTOTYPES = YES;
				CLANG_WARN_SUSPICIOUS_MOVE = YES;
				CLANG_WARN_UNGUARDED_AVAILABILITY = YES_AGGRESSIVE;
				CLANG_WARN_UNREACHABLE_CODE = YES;
				CLANG_WARN__DUPLICATE_METHOD_MATCH = YES;
				CODE_SIGN_IDENTITY = "iPhone Developer";
				COPY_PHASE_STRIP = NO;
				DEBUG_INFORMATION_FORMAT = dwarf;
				ENABLE_STRICT_OBJC_MSGSEND = YES;
				ENABLE_TESTABILITY = YES;
				GCC_C_LANGUAGE_STANDARD = gnu11;
				GCC_DYNAMIC_NO_PIC = NO;
				GCC_NO_COMMON_BLOCKS = YES;
				GCC_OPTIMIZATION_LEVEL = 0;
				GCC_PREPROCESSOR_DEFINITIONS = (
					"DEBUG=1",
					"$(inherited)",
				);
				GCC_WARN_64_TO_32_BIT_CONVERSION = YES;
				GCC_WARN_ABOUT_RETURN_TYPE = YES_ERROR;
				GCC_WARN_UNDECLARED_SELECTOR = YES;
				GCC_WARN_UNINITIALIZED_AUTOS = YES_AGGRESSIVE;
				GCC_WARN_UNUSED_FUNCTION = YES;
				GCC_WARN_UNUSED_VARIABLE = YES;
				IPHONEOS_DEPLOYMENT_TARGET = 11.0;
				MTL_ENABLE_DEBUG_INFO = YES;
				ONLY_ACTIVE_ARCH = YES;
				SDKROOT = iphoneos;
				SWIFT_ACTIVE_COMPILATION_CONDITIONS = DEBUG;
				SWIFT_OPTIMIZATION_LEVEL = "-Onone";
			};
			name = Debug;
		};
		375273131F9AD955009A99C3 /* Release */ = {
			isa = XCBuildConfiguration;
			buildSettings = {
				ALWAYS_SEARCH_USER_PATHS = NO;
				CLANG_ANALYZER_NONNULL = YES;
				CLANG_ANALYZER_NUMBER_OBJECT_CONVERSION = YES_AGGRESSIVE;
				CLANG_CXX_LANGUAGE_STANDARD = "gnu++14";
				CLANG_CXX_LIBRARY = "libc++";
				CLANG_ENABLE_MODULES = YES;
				CLANG_ENABLE_OBJC_ARC = YES;
				CLANG_WARN_BLOCK_CAPTURE_AUTORELEASING = YES;
				CLANG_WARN_BOOL_CONVERSION = YES;
				CLANG_WARN_COMMA = YES;
				CLANG_WARN_CONSTANT_CONVERSION = YES;
				CLANG_WARN_DIRECT_OBJC_ISA_USAGE = YES_ERROR;
				CLANG_WARN_DOCUMENTATION_COMMENTS = YES;
				CLANG_WARN_EMPTY_BODY = YES;
				CLANG_WARN_ENUM_CONVERSION = YES;
				CLANG_WARN_INFINITE_RECURSION = YES;
				CLANG_WARN_INT_CONVERSION = YES;
				CLANG_WARN_NON_LITERAL_NULL_CONVERSION = YES;
				CLANG_WARN_OBJC_LITERAL_CONVERSION = YES;
				CLANG_WARN_OBJC_ROOT_CLASS = YES_ERROR;
				CLANG_WARN_RANGE_LOOP_ANALYSIS = YES;
				CLANG_WARN_STRICT_PROTOTYPES = YES;
				CLANG_WARN_SUSPICIOUS_MOVE = YES;
				CLANG_WARN_UNGUARDED_AVAILABILITY = YES_AGGRESSIVE;
				CLANG_WARN_UNREACHABLE_CODE = YES;
				CLANG_WARN__DUPLICATE_METHOD_MATCH = YES;
				CODE_SIGN_IDENTITY = "iPhone Developer";
				COPY_PHASE_STRIP = NO;
				DEBUG_INFORMATION_FORMAT = "dwarf-with-dsym";
				ENABLE_NS_ASSERTIONS = NO;
				ENABLE_STRICT_OBJC_MSGSEND = YES;
				GCC_C_LANGUAGE_STANDARD = gnu11;
				GCC_NO_COMMON_BLOCKS = YES;
				GCC_WARN_64_TO_32_BIT_CONVERSION = YES;
				GCC_WARN_ABOUT_RETURN_TYPE = YES_ERROR;
				GCC_WARN_UNDECLARED_SELECTOR = YES;
				GCC_WARN_UNINITIALIZED_AUTOS = YES_AGGRESSIVE;
				GCC_WARN_UNUSED_FUNCTION = YES;
				GCC_WARN_UNUSED_VARIABLE = YES;
				IPHONEOS_DEPLOYMENT_TARGET = 11.0;
				MTL_ENABLE_DEBUG_INFO = NO;
				SDKROOT = iphoneos;
				SWIFT_OPTIMIZATION_LEVEL = "-Owholemodule";
				VALIDATE_PRODUCT = YES;
			};
			name = Release;
		};
		375273151F9AD955009A99C3 /* Debug */ = {
			isa = XCBuildConfiguration;
			buildSettings = {
				ASSETCATALOG_COMPILER_APPICON_NAME = AppIcon;
				CODE_SIGN_STYLE = Automatic;
				DEVELOPMENT_TEAM = 76SXX9BLLZ;
				INFOPLIST_FILE = Pachinko/Info.plist;
				LD_RUNPATH_SEARCH_PATHS = "$(inherited) @executable_path/Frameworks";
				PRODUCT_BUNDLE_IDENTIFIER = com.Dr3amStr3am.Pachinko;
				PRODUCT_NAME = "$(TARGET_NAME)";
				SWIFT_VERSION = 4.0;
				TARGETED_DEVICE_FAMILY = 1;
			};
			name = Debug;
		};
		375273161F9AD955009A99C3 /* Release */ = {
			isa = XCBuildConfiguration;
			buildSettings = {
				ASSETCATALOG_COMPILER_APPICON_NAME = AppIcon;
				CODE_SIGN_STYLE = Automatic;
				DEVELOPMENT_TEAM = 76SXX9BLLZ;
				INFOPLIST_FILE = Pachinko/Info.plist;
				LD_RUNPATH_SEARCH_PATHS = "$(inherited) @executable_path/Frameworks";
				PRODUCT_BUNDLE_IDENTIFIER = com.Dr3amStr3am.Pachinko;
				PRODUCT_NAME = "$(TARGET_NAME)";
				SWIFT_VERSION = 4.0;
				TARGETED_DEVICE_FAMILY = 1;
			};
			name = Release;
		};
/* End XCBuildConfiguration section */

/* Begin XCConfigurationList section */
		375272F71F9AD955009A99C3 /* Build configuration list for PBXProject "Pachinko" */ = {
			isa = XCConfigurationList;
			buildConfigurations = (
				375273121F9AD955009A99C3 /* Debug */,
				375273131F9AD955009A99C3 /* Release */,
			);
			defaultConfigurationIsVisible = 0;
			defaultConfigurationName = Release;
		};
		375273141F9AD955009A99C3 /* Build configuration list for PBXNativeTarget "Pachinko" */ = {
			isa = XCConfigurationList;
			buildConfigurations = (
				375273151F9AD955009A99C3 /* Debug */,
				375273161F9AD955009A99C3 /* Release */,
			);
			defaultConfigurationIsVisible = 0;
			defaultConfigurationName = Release;
		};
/* End XCConfigurationList section */
	};
	rootObject = 375272F41F9AD955009A99C3 /* Project object */;
}
