// !$*UTF8*$!
{
	archiveVersion = 1;
	classes = {
	};
	objectVersion = 48;
	objects = {

/* Begin PBXBuildFile section */
		3728DA641F959213008ED52D /* AppDelegate.swift in Sources */ = {isa = PBXBuildFile; fileRef = 3728DA631F959213008ED52D /* AppDelegate.swift */; };
		3728DA661F959213008ED52D /* ViewController.swift in Sources */ = {isa = PBXBuildFile; fileRef = 3728DA651F959213008ED52D /* ViewController.swift */; };
		3728DA691F959213008ED52D /* Main.storyboard in Resources */ = {isa = PBXBuildFile; fileRef = 3728DA671F959213008ED52D /* Main.storyboard */; };
		3728DA6B1F959213008ED52D /* Assets.xcassets in Resources */ = {isa = PBXBuildFile; fileRef = 3728DA6A1F959213008ED52D /* Assets.xcassets */; };
		3728DA6E1F959213008ED52D /* LaunchScreen.storyboard in Resources */ = {isa = PBXBuildFile; fileRef = 3728DA6C1F959213008ED52D /* LaunchScreen.storyboard */; };
		3728DA761F96C390008ED52D /* PersonCell.swift in Sources */ = {isa = PBXBuildFile; fileRef = 3728DA751F96C390008ED52D /* PersonCell.swift */; };
		3728DA781F97228B008ED52D /* Person.swift in Sources */ = {isa = PBXBuildFile; fileRef = 3728DA771F97228B008ED52D /* Person.swift */; };
/* End PBXBuildFile section */

/* Begin PBXFileReference section */
		3728DA601F959213008ED52D /* Name to Face.app */ = {isa = PBXFileReference; explicitFileType = wrapper.application; includeInIndex = 0; path = "Name to Face.app"; sourceTree = BUILT_PRODUCTS_DIR; };
		3728DA631F959213008ED52D /* AppDelegate.swift */ = {isa = PBXFileReference; lastKnownFileType = sourcecode.swift; path = AppDelegate.swift; sourceTree = "<group>"; };
		3728DA651F959213008ED52D /* ViewController.swift */ = {isa = PBXFileReference; lastKnownFileType = sourcecode.swift; path = ViewController.swift; sourceTree = "<group>"; };
		3728DA681F959213008ED52D /* Base */ = {isa = PBXFileReference; lastKnownFileType = file.storyboard; name = Base; path = Base.lproj/Main.storyboard; sourceTree = "<group>"; };
		3728DA6A1F959213008ED52D /* Assets.xcassets */ = {isa = PBXFileReference; lastKnownFileType = folder.assetcatalog; path = Assets.xcassets; sourceTree = "<group>"; };
		3728DA6D1F959213008ED52D /* Base */ = {isa = PBXFileReference; lastKnownFileType = file.storyboard; name = Base; path = Base.lproj/LaunchScreen.storyboard; sourceTree = "<group>"; };
		3728DA6F1F959213008ED52D /* Info.plist */ = {isa = PBXFileReference; lastKnownFileType = text.plist.xml; path = Info.plist; sourceTree = "<group>"; };
		3728DA751F96C390008ED52D /* PersonCell.swift */ = {isa = PBXFileReference; lastKnownFileType = sourcecode.swift; path = PersonCell.swift; sourceTree = "<group>"; };
		3728DA771F97228B008ED52D /* Person.swift */ = {isa = PBXFileReference; lastKnownFileType = sourcecode.swift; path = Person.swift; sourceTree = "<group>"; };
/* End PBXFileReference section */

/* Begin PBXFrameworksBuildPhase section */
		3728DA5D1F959213008ED52D /* Frameworks */ = {
			isa = PBXFrameworksBuildPhase;
			buildActionMask = 2147483647;
			files = (
			);
			runOnlyForDeploymentPostprocessing = 0;
		};
/* End PBXFrameworksBuildPhase section */

/* Begin PBXGroup section */
		3728DA571F959213008ED52D = {
			isa = PBXGroup;
			children = (
				3728DA621F959213008ED52D /* Name to Face */,
				3728DA611F959213008ED52D /* Products */,
			);
			sourceTree = "<group>";
		};
		3728DA611F959213008ED52D /* Products */ = {
			isa = PBXGroup;
			children = (
				3728DA601F959213008ED52D /* Name to Face.app */,
			);
			name = Products;
			sourceTree = "<group>";
		};
		3728DA621F959213008ED52D /* Name to Face */ = {
			isa = PBXGroup;
			children = (
				3728DA631F959213008ED52D /* AppDelegate.swift */,
				3728DA651F959213008ED52D /* ViewController.swift */,
				3728DA751F96C390008ED52D /* PersonCell.swift */,
				3728DA771F97228B008ED52D /* Person.swift */,
				3728DA671F959213008ED52D /* Main.storyboard */,
				3728DA6A1F959213008ED52D /* Assets.xcassets */,
				3728DA6C1F959213008ED52D /* LaunchScreen.storyboard */,
				3728DA6F1F959213008ED52D /* Info.plist */,
			);
			path = "Name to Face";
			sourceTree = "<group>";
		};
/* End PBXGroup section */

/* Begin PBXNativeTarget section */
		3728DA5F1F959213008ED52D /* Name to Face */ = {
			isa = PBXNativeTarget;
			buildConfigurationList = 3728DA721F959213008ED52D /* Build configuration list for PBXNativeTarget "Name to Face" */;
			buildPhases = (
				3728DA5C1F959213008ED52D /* Sources */,
				3728DA5D1F959213008ED52D /* Frameworks */,
				3728DA5E1F959213008ED52D /* Resources */,
			);
			buildRules = (
			);
			dependencies = (
			);
			name = "Name to Face";
			productName = "Name to Face";
			productReference = 3728DA601F959213008ED52D /* Name to Face.app */;
			productType = "com.apple.product-type.application";
		};
/* End PBXNativeTarget section */

/* Begin PBXProject section */
		3728DA581F959213008ED52D /* Project object */ = {
			isa = PBXProject;
			attributes = {
				LastSwiftUpdateCheck = 0900;
				LastUpgradeCheck = 0900;
				ORGANIZATIONNAME = "Alex Blanchard";
				TargetAttributes = {
					3728DA5F1F959213008ED52D = {
						CreatedOnToolsVersion = 9.0;
						ProvisioningStyle = Automatic;
					};
				};
			};
			buildConfigurationList = 3728DA5B1F959213008ED52D /* Build configuration list for PBXProject "Name to Face" */;
			compatibilityVersion = "Xcode 8.0";
			developmentRegion = en;
			hasScannedForEncodings = 0;
			knownRegions = (
				en,
				Base,
			);
			mainGroup = 3728DA571F959213008ED52D;
			productRefGroup = 3728DA611F959213008ED52D /* Products */;
			projectDirPath = "";
			projectRoot = "";
			targets = (
				3728DA5F1F959213008ED52D /* Name to Face */,
			);
		};
/* End PBXProject section */

/* Begin PBXResourcesBuildPhase section */
		3728DA5E1F959213008ED52D /* Resources */ = {
			isa = PBXResourcesBuildPhase;
			buildActionMask = 2147483647;
			files = (
				3728DA6E1F959213008ED52D /* LaunchScreen.storyboard in Resources */,
				3728DA6B1F959213008ED52D /* Assets.xcassets in Resources */,
				3728DA691F959213008ED52D /* Main.storyboard in Resources */,
			);
			runOnlyForDeploymentPostprocessing = 0;
		};
/* End PBXResourcesBuildPhase section */

/* Begin PBXSourcesBuildPhase section */
		3728DA5C1F959213008ED52D /* Sources */ = {
			isa = PBXSourcesBuildPhase;
			buildActionMask = 2147483647;
			files = (
				3728DA761F96C390008ED52D /* PersonCell.swift in Sources */,
				3728DA661F959213008ED52D /* ViewController.swift in Sources */,
				3728DA781F97228B008ED52D /* Person.swift in Sources */,
				3728DA641F959213008ED52D /* AppDelegate.swift in Sources */,
			);
			runOnlyForDeploymentPostprocessing = 0;
		};
/* End PBXSourcesBuildPhase section */

/* Begin PBXVariantGroup section */
		3728DA671F959213008ED52D /* Main.storyboard */ = {
			isa = PBXVariantGroup;
			children = (
				3728DA681F959213008ED52D /* Base */,
			);
			name = Main.storyboard;
			sourceTree = "<group>";
		};
		3728DA6C1F959213008ED52D /* LaunchScreen.storyboard */ = {
			isa = PBXVariantGroup;
			children = (
				3728DA6D1F959213008ED52D /* Base */,
			);
			name = LaunchScreen.storyboard;
			sourceTree = "<group>";
		};
/* End PBXVariantGroup section */

/* Begin XCBuildConfiguration section */
		3728DA701F959213008ED52D /* Debug */ = {
			isa = XCBuildConfiguration;
			buildSettings = {
				ALWAYS_SEARCH_USER_PATHS = NO;
				CLANG_ANALYZER_NONNULL = YES;
				CLANG_ANALYZER_NUMBER_OBJECT_CONVERSION = YES_AGGRESSIVE;
				CLANG_CXX_LANGUAGE_STANDARD = "gnu++14";
				CLANG_CXX_LIBRARY = "libc++";
				CLANG_ENABLE_MODULES = YES;
				CLANG_ENABLE_OBJC_ARC = YES;
				CLANG_WARN_BLOCK_CAPTURE_AUTORELEASING = YES;
				CLANG_WARN_BOOL_CONVERSION = YES;
				CLANG_WARN_COMMA = YES;
				CLANG_WARN_CONSTANT_CONVERSION = YES;
				CLANG_WARN_DIRECT_OBJC_ISA_USAGE = YES_ERROR;
				CLANG_WARN_DOCUMENTATION_COMMENTS = YES;
				CLANG_WARN_EMPTY_BODY = YES;
				CLANG_WARN_ENUM_CONVERSION = YES;
				CLANG_WARN_INFINITE_RECURSION = YES;
				CLANG_WARN_INT_CONVERSION = YES;
				CLANG_WARN_NON_LITERAL_NULL_CONVERSION = YES;
				CLANG_WARN_OBJC_LITERAL_CONVERSION = YES;
				CLANG_WARN_OBJC_ROOT_CLASS = YES_ERROR;
				CLANG_WARN_RANGE_LOOP_ANALYSIS = YES;
				CLANG_WARN_STRICT_PROTOTYPES = YES;
				CLANG_WARN_SUSPICIOUS_MOVE = YES;
				CLANG_WARN_UNGUARDED_AVAILABILITY = YES_AGGRESSIVE;
				CLANG_WARN_UNREACHABLE_CODE = YES;
				CLANG_WARN__DUPLICATE_METHOD_MATCH = YES;
				CODE_SIGN_IDENTITY = "iPhone Developer";
				COPY_PHASE_STRIP = NO;
				DEBUG_INFORMATION_FORMAT = dwarf;
				ENABLE_STRICT_OBJC_MSGSEND = YES;
				ENABLE_TESTABILITY = YES;
				GCC_C_LANGUAGE_STANDARD = gnu11;
				GCC_DYNAMIC_NO_PIC = NO;
				GCC_NO_COMMON_BLOCKS = YES;
				GCC_OPTIMIZATION_LEVEL = 0;
				GCC_PREPROCESSOR_DEFINITIONS = (
					"DEBUG=1",
					"$(inherited)",
				);
				GCC_WARN_64_TO_32_BIT_CONVERSION = YES;
				GCC_WARN_ABOUT_RETURN_TYPE = YES_ERROR;
				GCC_WARN_UNDECLARED_SELECTOR = YES;
				GCC_WARN_UNINITIALIZED_AUTOS = YES_AGGRESSIVE;
				GCC_WARN_UNUSED_FUNCTION = YES;
				GCC_WARN_UNUSED_VARIABLE = YES;
				IPHONEOS_DEPLOYMENT_TARGET = 11.0;
				MTL_ENABLE_DEBUG_INFO = YES;
				ONLY_ACTIVE_ARCH = YES;
				SDKROOT = iphoneos;
				SWIFT_ACTIVE_COMPILATION_CONDITIONS = DEBUG;
				SWIFT_OPTIMIZATION_LEVEL = "-Onone";
			};
			name = Debug;
		};
		3728DA711F959213008ED52D /* Release */ = {
			isa = XCBuildConfiguration;
			buildSettings = {
				ALWAYS_SEARCH_USER_PATHS = NO;
				CLANG_ANALYZER_NONNULL = YES;
				CLANG_ANALYZER_NUMBER_OBJECT_CONVERSION = YES_AGGRESSIVE;
				CLANG_CXX_LANGUAGE_STANDARD = "gnu++14";
				CLANG_CXX_LIBRARY = "libc++";
				CLANG_ENABLE_MODULES = YES;
				CLANG_ENABLE_OBJC_ARC = YES;
				CLANG_WARN_BLOCK_CAPTURE_AUTORELEASING = YES;
				CLANG_WARN_BOOL_CONVERSION = YES;
				CLANG_WARN_COMMA = YES;
				CLANG_WARN_CONSTANT_CONVERSION = YES;
				CLANG_WARN_DIRECT_OBJC_ISA_USAGE = YES_ERROR;
				CLANG_WARN_DOCUMENTATION_COMMENTS = YES;
				CLANG_WARN_EMPTY_BODY = YES;
				CLANG_WARN_ENUM_CONVERSION = YES;
				CLANG_WARN_INFINITE_RECURSION = YES;
				CLANG_WARN_INT_CONVERSION = YES;
				CLANG_WARN_NON_LITERAL_NULL_CONVERSION = YES;
				CLANG_WARN_OBJC_LITERAL_CONVERSION = YES;
				CLANG_WARN_OBJC_ROOT_CLASS = YES_ERROR;
				CLANG_WARN_RANGE_LOOP_ANALYSIS = YES;
				CLANG_WARN_STRICT_PROTOTYPES = YES;
				CLANG_WARN_SUSPICIOUS_MOVE = YES;
				CLANG_WARN_UNGUARDED_AVAILABILITY = YES_AGGRESSIVE;
				CLANG_WARN_UNREACHABLE_CODE = YES;
				CLANG_WARN__DUPLICATE_METHOD_MATCH = YES;
				CODE_SIGN_IDENTITY = "iPhone Developer";
				COPY_PHASE_STRIP = NO;
				DEBUG_INFORMATION_FORMAT = "dwarf-with-dsym";
				ENABLE_NS_ASSERTIONS = NO;
				ENABLE_STRICT_OBJC_MSGSEND = YES;
				GCC_C_LANGUAGE_STANDARD = gnu11;
				GCC_NO_COMMON_BLOCKS = YES;
				GCC_WARN_64_TO_32_BIT_CONVERSION = YES;
				GCC_WARN_ABOUT_RETURN_TYPE = YES_ERROR;
				GCC_WARN_UNDECLARED_SELECTOR = YES;
				GCC_WARN_UNINITIALIZED_AUTOS = YES_AGGRESSIVE;
				GCC_WARN_UNUSED_FUNCTION = YES;
				GCC_WARN_UNUSED_VARIABLE = YES;
				IPHONEOS_DEPLOYMENT_TARGET = 11.0;
				MTL_ENABLE_DEBUG_INFO = NO;
				SDKROOT = iphoneos;
				SWIFT_OPTIMIZATION_LEVEL = "-Owholemodule";
				VALIDATE_PRODUCT = YES;
			};
			name = Release;
		};
		3728DA731F959213008ED52D /* Debug */ = {
			isa = XCBuildConfiguration;
			buildSettings = {
				ASSETCATALOG_COMPILER_APPICON_NAME = AppIcon;
				CODE_SIGN_STYLE = Automatic;
				DEVELOPMENT_TEAM = 76SXX9BLLZ;
				INFOPLIST_FILE = "Name to Face/Info.plist";
				LD_RUNPATH_SEARCH_PATHS = "$(inherited) @executable_path/Frameworks";
				PRODUCT_BUNDLE_IDENTIFIER = "Dr3amStr3am.Name-to-Face";
				PRODUCT_NAME = "$(TARGET_NAME)";
				SWIFT_VERSION = 4.0;
				TARGETED_DEVICE_FAMILY = "1,2";
			};
			name = Debug;
		};
		3728DA741F959213008ED52D /* Release */ = {
			isa = XCBuildConfiguration;
			buildSettings = {
				ASSETCATALOG_COMPILER_APPICON_NAME = AppIcon;
				CODE_SIGN_STYLE = Automatic;
				DEVELOPMENT_TEAM = 76SXX9BLLZ;
				INFOPLIST_FILE = "Name to Face/Info.plist";
				LD_RUNPATH_SEARCH_PATHS = "$(inherited) @executable_path/Frameworks";
				PRODUCT_BUNDLE_IDENTIFIER = "Dr3amStr3am.Name-to-Face";
				PRODUCT_NAME = "$(TARGET_NAME)";
				SWIFT_VERSION = 4.0;
				TARGETED_DEVICE_FAMILY = "1,2";
			};
			name = Release;
		};
/* End XCBuildConfiguration section */

/* Begin XCConfigurationList section */
		3728DA5B1F959213008ED52D /* Build configuration list for PBXProject "Name to Face" */ = {
			isa = XCConfigurationList;
			buildConfigurations = (
				3728DA701F959213008ED52D /* Debug */,
				3728DA711F959213008ED52D /* Release */,
			);
			defaultConfigurationIsVisible = 0;
			defaultConfigurationName = Release;
		};
		3728DA721F959213008ED52D /* Build configuration list for PBXNativeTarget "Name to Face" */ = {
			isa = XCConfigurationList;
			buildConfigurations = (
				3728DA731F959213008ED52D /* Debug */,
				3728DA741F959213008ED52D /* Release */,
			);
			defaultConfigurationIsVisible = 0;
			defaultConfigurationName = Release;
		};
/* End XCConfigurationList section */
	};
	rootObject = 3728DA581F959213008ED52D /* Project object */;
}
