// !$*UTF8*$!
{
	archiveVersion = 1;
	classes = {
	};
	objectVersion = 48;
	objects = {

/* Begin PBXBuildFile section */
		3732BD6C1F9DC869000B4796 /* CustomButton.swift in Sources */ = {isa = PBXBuildFile; fileRef = 3732BD6B1F9DC869000B4796 /* CustomButton.swift */; };
		37A7A9991F9CC698000DE6E6 /* AppDelegate.swift in Sources */ = {isa = PBXBuildFile; fileRef = 37A7A9981F9CC698000DE6E6 /* AppDelegate.swift */; };
		37A7A99B1F9CC698000DE6E6 /* ViewController.swift in Sources */ = {isa = PBXBuildFile; fileRef = 37A7A99A1F9CC698000DE6E6 /* ViewController.swift */; };
		37A7A99E1F9CC698000DE6E6 /* Main.storyboard in Resources */ = {isa = PBXBuildFile; fileRef = 37A7A99C1F9CC698000DE6E6 /* Main.storyboard */; };
		37A7A9A01F9CC698000DE6E6 /* Assets.xcassets in Resources */ = {isa = PBXBuildFile; fileRef = 37A7A99F1F9CC698000DE6E6 /* Assets.xcassets */; };
		37A7A9A31F9CC698000DE6E6 /* LaunchScreen.storyboard in Resources */ = {isa = PBXBuildFile; fileRef = 37A7A9A11F9CC698000DE6E6 /* LaunchScreen.storyboard */; };
		37E3C7941FAEAC89001C5EFF /* aBHelper.swift in Sources */ = {isa = PBXBuildFile; fileRef = 37E3C7931FAEAC89001C5EFF /* aBHelper.swift */; };
/* End PBXBuildFile section */

/* Begin PBXFileReference section */
		3732BD6B1F9DC869000B4796 /* CustomButton.swift */ = {isa = PBXFileReference; lastKnownFileType = sourcecode.swift; path = CustomButton.swift; sourceTree = "<group>"; };
		37A7A9951F9CC698000DE6E6 /* PhotoProcessor.app */ = {isa = PBXFileReference; explicitFileType = wrapper.application; includeInIndex = 0; path = PhotoProcessor.app; sourceTree = BUILT_PRODUCTS_DIR; };
		37A7A9981F9CC698000DE6E6 /* AppDelegate.swift */ = {isa = PBXFileReference; lastKnownFileType = sourcecode.swift; path = AppDelegate.swift; sourceTree = "<group>"; };
		37A7A99A1F9CC698000DE6E6 /* ViewController.swift */ = {isa = PBXFileReference; lastKnownFileType = sourcecode.swift; path = ViewController.swift; sourceTree = "<group>"; };
		37A7A99D1F9CC698000DE6E6 /* Base */ = {isa = PBXFileReference; lastKnownFileType = file.storyboard; name = Base; path = Base.lproj/Main.storyboard; sourceTree = "<group>"; };
		37A7A99F1F9CC698000DE6E6 /* Assets.xcassets */ = {isa = PBXFileReference; lastKnownFileType = folder.assetcatalog; path = Assets.xcassets; sourceTree = "<group>"; };
		37A7A9A21F9CC698000DE6E6 /* Base */ = {isa = PBXFileReference; lastKnownFileType = file.storyboard; name = Base; path = Base.lproj/LaunchScreen.storyboard; sourceTree = "<group>"; };
		37A7A9A41F9CC698000DE6E6 /* Info.plist */ = {isa = PBXFileReference; lastKnownFileType = text.plist.xml; path = Info.plist; sourceTree = "<group>"; };
		37E3C7931FAEAC89001C5EFF /* aBHelper.swift */ = {isa = PBXFileReference; lastKnownFileType = sourcecode.swift; path = aBHelper.swift; sourceTree = "<group>"; };
/* End PBXFileReference section */

/* Begin PBXFrameworksBuildPhase section */
		37A7A9921F9CC698000DE6E6 /* Frameworks */ = {
			isa = PBXFrameworksBuildPhase;
			buildActionMask = 2147483647;
			files = (
			);
			runOnlyForDeploymentPostprocessing = 0;
		};
/* End PBXFrameworksBuildPhase section */

/* Begin PBXGroup section */
		37A7A98C1F9CC698000DE6E6 = {
			isa = PBXGroup;
			children = (
				37A7A9971F9CC698000DE6E6 /* PhotoProcessor */,
				37A7A9961F9CC698000DE6E6 /* Products */,
			);
			sourceTree = "<group>";
		};
		37A7A9961F9CC698000DE6E6 /* Products */ = {
			isa = PBXGroup;
			children = (
				37A7A9951F9CC698000DE6E6 /* PhotoProcessor.app */,
			);
			name = Products;
			sourceTree = "<group>";
		};
		37A7A9971F9CC698000DE6E6 /* PhotoProcessor */ = {
			isa = PBXGroup;
			children = (
				37A7A9981F9CC698000DE6E6 /* AppDelegate.swift */,
				37A7A99A1F9CC698000DE6E6 /* ViewController.swift */,
				37E3C7931FAEAC89001C5EFF /* aBHelper.swift */,
				3732BD6B1F9DC869000B4796 /* CustomButton.swift */,
				37A7A99C1F9CC698000DE6E6 /* Main.storyboard */,
				37A7A99F1F9CC698000DE6E6 /* Assets.xcassets */,
				37A7A9A11F9CC698000DE6E6 /* LaunchScreen.storyboard */,
				37A7A9A41F9CC698000DE6E6 /* Info.plist */,
			);
			path = PhotoProcessor;
			sourceTree = "<group>";
		};
/* End PBXGroup section */

/* Begin PBXNativeTarget section */
		37A7A9941F9CC698000DE6E6 /* PhotoProcessor */ = {
			isa = PBXNativeTarget;
			buildConfigurationList = 37A7A9A71F9CC698000DE6E6 /* Build configuration list for PBXNativeTarget "PhotoProcessor" */;
			buildPhases = (
				37A7A9911F9CC698000DE6E6 /* Sources */,
				37A7A9921F9CC698000DE6E6 /* Frameworks */,
				37A7A9931F9CC698000DE6E6 /* Resources */,
			);
			buildRules = (
			);
			dependencies = (
			);
			name = PhotoProcessor;
			productName = PhotoProcessor;
			productReference = 37A7A9951F9CC698000DE6E6 /* PhotoProcessor.app */;
			productType = "com.apple.product-type.application";
		};
/* End PBXNativeTarget section */

/* Begin PBXProject section */
		37A7A98D1F9CC698000DE6E6 /* Project object */ = {
			isa = PBXProject;
			attributes = {
				LastSwiftUpdateCheck = 0900;
				LastUpgradeCheck = 0900;
				ORGANIZATIONNAME = "Alex Blanchard";
				TargetAttributes = {
					37A7A9941F9CC698000DE6E6 = {
						CreatedOnToolsVersion = 9.0;
						ProvisioningStyle = Automatic;
					};
				};
			};
			buildConfigurationList = 37A7A9901F9CC698000DE6E6 /* Build configuration list for PBXProject "PhotoProcessor" */;
			compatibilityVersion = "Xcode 8.0";
			developmentRegion = en;
			hasScannedForEncodings = 0;
			knownRegions = (
				en,
				Base,
			);
			mainGroup = 37A7A98C1F9CC698000DE6E6;
			productRefGroup = 37A7A9961F9CC698000DE6E6 /* Products */;
			projectDirPath = "";
			projectRoot = "";
			targets = (
				37A7A9941F9CC698000DE6E6 /* PhotoProcessor */,
			);
		};
/* End PBXProject section */

/* Begin PBXResourcesBuildPhase section */
		37A7A9931F9CC698000DE6E6 /* Resources */ = {
			isa = PBXResourcesBuildPhase;
			buildActionMask = 2147483647;
			files = (
				37A7A9A31F9CC698000DE6E6 /* LaunchScreen.storyboard in Resources */,
				37A7A9A01F9CC698000DE6E6 /* Assets.xcassets in Resources */,
				37A7A99E1F9CC698000DE6E6 /* Main.storyboard in Resources */,
			);
			runOnlyForDeploymentPostprocessing = 0;
		};
/* End PBXResourcesBuildPhase section */

/* Begin PBXSourcesBuildPhase section */
		37A7A9911F9CC698000DE6E6 /* Sources */ = {
			isa = PBXSourcesBuildPhase;
			buildActionMask = 2147483647;
			files = (
				37E3C7941FAEAC89001C5EFF /* aBHelper.swift in Sources */,
				37A7A99B1F9CC698000DE6E6 /* ViewController.swift in Sources */,
				37A7A9991F9CC698000DE6E6 /* AppDelegate.swift in Sources */,
				3732BD6C1F9DC869000B4796 /* CustomButton.swift in Sources */,
			);
			runOnlyForDeploymentPostprocessing = 0;
		};
/* End PBXSourcesBuildPhase section */

/* Begin PBXVariantGroup section */
		37A7A99C1F9CC698000DE6E6 /* Main.storyboard */ = {
			isa = PBXVariantGroup;
			children = (
				37A7A99D1F9CC698000DE6E6 /* Base */,
			);
			name = Main.storyboard;
			sourceTree = "<group>";
		};
		37A7A9A11F9CC698000DE6E6 /* LaunchScreen.storyboard */ = {
			isa = PBXVariantGroup;
			children = (
				37A7A9A21F9CC698000DE6E6 /* Base */,
			);
			name = LaunchScreen.storyboard;
			sourceTree = "<group>";
		};
/* End PBXVariantGroup section */

/* Begin XCBuildConfiguration section */
		37A7A9A51F9CC698000DE6E6 /* Debug */ = {
			isa = XCBuildConfiguration;
			buildSettings = {
				ALWAYS_SEARCH_USER_PATHS = NO;
				CLANG_ANALYZER_NONNULL = YES;
				CLANG_ANALYZER_NUMBER_OBJECT_CONVERSION = YES_AGGRESSIVE;
				CLANG_CXX_LANGUAGE_STANDARD = "gnu++14";
				CLANG_CXX_LIBRARY = "libc++";
				CLANG_ENABLE_MODULES = YES;
				CLANG_ENABLE_OBJC_ARC = YES;
				CLANG_WARN_BLOCK_CAPTURE_AUTORELEASING = YES;
				CLANG_WARN_BOOL_CONVERSION = YES;
				CLANG_WARN_COMMA = YES;
				CLANG_WARN_CONSTANT_CONVERSION = YES;
				CLANG_WARN_DIRECT_OBJC_ISA_USAGE = YES_ERROR;
				CLANG_WARN_DOCUMENTATION_COMMENTS = YES;
				CLANG_WARN_EMPTY_BODY = YES;
				CLANG_WARN_ENUM_CONVERSION = YES;
				CLANG_WARN_INFINITE_RECURSION = YES;
				CLANG_WARN_INT_CONVERSION = YES;
				CLANG_WARN_NON_LITERAL_NULL_CONVERSION = YES;
				CLANG_WARN_OBJC_LITERAL_CONVERSION = YES;
				CLANG_WARN_OBJC_ROOT_CLASS = YES_ERROR;
				CLANG_WARN_RANGE_LOOP_ANALYSIS = YES;
				CLANG_WARN_STRICT_PROTOTYPES = YES;
				CLANG_WARN_SUSPICIOUS_MOVE = YES;
				CLANG_WARN_UNGUARDED_AVAILABILITY = YES_AGGRESSIVE;
				CLANG_WARN_UNREACHABLE_CODE = YES;
				CLANG_WARN__DUPLICATE_METHOD_MATCH = YES;
				CODE_SIGN_IDENTITY = "iPhone Developer";
				COPY_PHASE_STRIP = NO;
				DEBUG_INFORMATION_FORMAT = dwarf;
				ENABLE_STRICT_OBJC_MSGSEND = YES;
				ENABLE_TESTABILITY = YES;
				GCC_C_LANGUAGE_STANDARD = gnu11;
				GCC_DYNAMIC_NO_PIC = NO;
				GCC_NO_COMMON_BLOCKS = YES;
				GCC_OPTIMIZATION_LEVEL = 0;
				GCC_PREPROCESSOR_DEFINITIONS = (
					"DEBUG=1",
					"$(inherited)",
				);
				GCC_WARN_64_TO_32_BIT_CONVERSION = YES;
				GCC_WARN_ABOUT_RETURN_TYPE = YES_ERROR;
				GCC_WARN_UNDECLARED_SELECTOR = YES;
				GCC_WARN_UNINITIALIZED_AUTOS = YES_AGGRESSIVE;
				GCC_WARN_UNUSED_FUNCTION = YES;
				GCC_WARN_UNUSED_VARIABLE = YES;
				IPHONEOS_DEPLOYMENT_TARGET = 11.0;
				MTL_ENABLE_DEBUG_INFO = YES;
				ONLY_ACTIVE_ARCH = YES;
				SDKROOT = iphoneos;
				SWIFT_ACTIVE_COMPILATION_CONDITIONS = DEBUG;
				SWIFT_OPTIMIZATION_LEVEL = "-Onone";
			};
			name = Debug;
		};
		37A7A9A61F9CC698000DE6E6 /* Release */ = {
			isa = XCBuildConfiguration;
			buildSettings = {
				ALWAYS_SEARCH_USER_PATHS = NO;
				CLANG_ANALYZER_NONNULL = YES;
				CLANG_ANALYZER_NUMBER_OBJECT_CONVERSION = YES_AGGRESSIVE;
				CLANG_CXX_LANGUAGE_STANDARD = "gnu++14";
				CLANG_CXX_LIBRARY = "libc++";
				CLANG_ENABLE_MODULES = YES;
				CLANG_ENABLE_OBJC_ARC = YES;
				CLANG_WARN_BLOCK_CAPTURE_AUTORELEASING = YES;
				CLANG_WARN_BOOL_CONVERSION = YES;
				CLANG_WARN_COMMA = YES;
				CLANG_WARN_CONSTANT_CONVERSION = YES;
				CLANG_WARN_DIRECT_OBJC_ISA_USAGE = YES_ERROR;
				CLANG_WARN_DOCUMENTATION_COMMENTS = YES;
				CLANG_WARN_EMPTY_BODY = YES;
				CLANG_WARN_ENUM_CONVERSION = YES;
				CLANG_WARN_INFINITE_RECURSION = YES;
				CLANG_WARN_INT_CONVERSION = YES;
				CLANG_WARN_NON_LITERAL_NULL_CONVERSION = YES;
				CLANG_WARN_OBJC_LITERAL_CONVERSION = YES;
				CLANG_WARN_OBJC_ROOT_CLASS = YES_ERROR;
				CLANG_WARN_RANGE_LOOP_ANALYSIS = YES;
				CLANG_WARN_STRICT_PROTOTYPES = YES;
				CLANG_WARN_SUSPICIOUS_MOVE = YES;
				CLANG_WARN_UNGUARDED_AVAILABILITY = YES_AGGRESSIVE;
				CLANG_WARN_UNREACHABLE_CODE = YES;
				CLANG_WARN__DUPLICATE_METHOD_MATCH = YES;
				CODE_SIGN_IDENTITY = "iPhone Developer";
				COPY_PHASE_STRIP = NO;
				DEBUG_INFORMATION_FORMAT = "dwarf-with-dsym";
				ENABLE_NS_ASSERTIONS = NO;
				ENABLE_STRICT_OBJC_MSGSEND = YES;
				GCC_C_LANGUAGE_STANDARD = gnu11;
				GCC_NO_COMMON_BLOCKS = YES;
				GCC_WARN_64_TO_32_BIT_CONVERSION = YES;
				GCC_WARN_ABOUT_RETURN_TYPE = YES_ERROR;
				GCC_WARN_UNDECLARED_SELECTOR = YES;
				GCC_WARN_UNINITIALIZED_AUTOS = YES_AGGRESSIVE;
				GCC_WARN_UNUSED_FUNCTION = YES;
				GCC_WARN_UNUSED_VARIABLE = YES;
				IPHONEOS_DEPLOYMENT_TARGET = 11.0;
				MTL_ENABLE_DEBUG_INFO = NO;
				SDKROOT = iphoneos;
				SWIFT_OPTIMIZATION_LEVEL = "-Owholemodule";
				VALIDATE_PRODUCT = YES;
			};
			name = Release;
		};
		37A7A9A81F9CC698000DE6E6 /* Debug */ = {
			isa = XCBuildConfiguration;
			buildSettings = {
				ASSETCATALOG_COMPILER_APPICON_NAME = AppIcon;
				CODE_SIGN_STYLE = Automatic;
				DEVELOPMENT_TEAM = 76SXX9BLLZ;
				INFOPLIST_FILE = PhotoProcessor/Info.plist;
				IPHONEOS_DEPLOYMENT_TARGET = 11.0;
				LD_RUNPATH_SEARCH_PATHS = "$(inherited) @executable_path/Frameworks";
				PRODUCT_BUNDLE_IDENTIFIER = com.Dr3amStr3am.PhotoProcessor;
				PRODUCT_NAME = "$(TARGET_NAME)";
				SWIFT_VERSION = 4.0;
				TARGETED_DEVICE_FAMILY = 1;
			};
			name = Debug;
		};
		37A7A9A91F9CC698000DE6E6 /* Release */ = {
			isa = XCBuildConfiguration;
			buildSettings = {
				ASSETCATALOG_COMPILER_APPICON_NAME = AppIcon;
				CODE_SIGN_STYLE = Automatic;
				DEVELOPMENT_TEAM = 76SXX9BLLZ;
				INFOPLIST_FILE = PhotoProcessor/Info.plist;
				IPHONEOS_DEPLOYMENT_TARGET = 11.0;
				LD_RUNPATH_SEARCH_PATHS = "$(inherited) @executable_path/Frameworks";
				PRODUCT_BUNDLE_IDENTIFIER = com.Dr3amStr3am.PhotoProcessor;
				PRODUCT_NAME = "$(TARGET_NAME)";
				SWIFT_VERSION = 4.0;
				TARGETED_DEVICE_FAMILY = 1;
			};
			name = Release;
		};
/* End XCBuildConfiguration section */

/* Begin XCConfigurationList section */
		37A7A9901F9CC698000DE6E6 /* Build configuration list for PBXProject "PhotoProcessor" */ = {
			isa = XCConfigurationList;
			buildConfigurations = (
				37A7A9A51F9CC698000DE6E6 /* Debug */,
				37A7A9A61F9CC698000DE6E6 /* Release */,
			);
			defaultConfigurationIsVisible = 0;
			defaultConfigurationName = Release;
		};
		37A7A9A71F9CC698000DE6E6 /* Build configuration list for PBXNativeTarget "PhotoProcessor" */ = {
			isa = XCConfigurationList;
			buildConfigurations = (
				37A7A9A81F9CC698000DE6E6 /* Debug */,
				37A7A9A91F9CC698000DE6E6 /* Release */,
			);
			defaultConfigurationIsVisible = 0;
			defaultConfigurationName = Release;
		};
/* End XCConfigurationList section */
	};
	rootObject = 37A7A98D1F9CC698000DE6E6 /* Project object */;
}
